// !$*UTF8*$!
{
	archiveVersion = 1;
	classes = {
	};
	objectVersion = 56;
	objects = {

/* Begin PBXBuildFile section */
		998F232E2C40B67E00AA0D6F /* Styles.swift in Sources */ = {isa = PBXBuildFile; fileRef = 998F232D2C40B67E00AA0D6F /* Styles.swift */; };
		998FA47B2C3F1A160096F057 /* AppEntry.swift in Sources */ = {isa = PBXBuildFile; fileRef = 998FA47A2C3F1A160096F057 /* AppEntry.swift */; };
		998FA47D2C3F1A160096F057 /* DALLEImages.swift in Sources */ = {isa = PBXBuildFile; fileRef = 998FA47C2C3F1A160096F057 /* DALLEImages.swift */; };
		998FA47F2C3F1A170096F057 /* Assets.xcassets in Resources */ = {isa = PBXBuildFile; fileRef = 998FA47E2C3F1A170096F057 /* Assets.xcassets */; };
		998FA4822C3F1A170096F057 /* Preview Assets.xcassets in Resources */ = {isa = PBXBuildFile; fileRef = 998FA4812C3F1A170096F057 /* Preview Assets.xcassets */; };
		998FA4892C3F1A690096F057 /* Storyboard.storyboard in Resources */ = {isa = PBXBuildFile; fileRef = 998FA4882C3F1A690096F057 /* Storyboard.storyboard */; };
		998FA48D2C3F1E2E0096F057 /* Models.swift in Sources */ = {isa = PBXBuildFile; fileRef = 998FA48C2C3F1E2E0096F057 /* Models.swift */; };
		998FA48F2C3F1FB10096F057 /* APIService.swift in Sources */ = {isa = PBXBuildFile; fileRef = 998FA48E2C3F1FB10096F057 /* APIService.swift */; };
		998FA4942C3F25920096F057 /* ViewModel.swift in Sources */ = {isa = PBXBuildFile; fileRef = 998FA4932C3F25920096F057 /* ViewModel.swift */; };
/* End PBXBuildFile section */

/* Begin PBXFileReference section */
		998F232D2C40B67E00AA0D6F /* Styles.swift */ = {isa = PBXFileReference; lastKnownFileType = sourcecode.swift; path = Styles.swift; sourceTree = "<group>"; };
		998FA4772C3F1A160096F057 /* Art Generator.app */ = {isa = PBXFileReference; explicitFileType = wrapper.application; includeInIndex = 0; path = "Art Generator.app"; sourceTree = BUILT_PRODUCTS_DIR; };
		998FA47A2C3F1A160096F057 /* AppEntry.swift */ = {isa = PBXFileReference; lastKnownFileType = sourcecode.swift; path = AppEntry.swift; sourceTree = "<group>"; };
		998FA47C2C3F1A160096F057 /* DALLEImages.swift */ = {isa = PBXFileReference; lastKnownFileType = sourcecode.swift; path = DALLEImages.swift; sourceTree = "<group>"; };
		998FA47E2C3F1A170096F057 /* Assets.xcassets */ = {isa = PBXFileReference; lastKnownFileType = folder.assetcatalog; path = Assets.xcassets; sourceTree = "<group>"; };
		998FA4812C3F1A170096F057 /* Preview Assets.xcassets */ = {isa = PBXFileReference; lastKnownFileType = folder.assetcatalog; path = "Preview Assets.xcassets"; sourceTree = "<group>"; };
		998FA4882C3F1A690096F057 /* Storyboard.storyboard */ = {isa = PBXFileReference; lastKnownFileType = file.storyboard; path = Storyboard.storyboard; sourceTree = "<group>"; };
		998FA48A2C3F1AB90096F057 /* Config.xcconfig */ = {isa = PBXFileReference; lastKnownFileType = text.xcconfig; path = Config.xcconfig; sourceTree = "<group>"; };
		998FA48B2C3F1AEC0096F057 /* Art-Generator-Info.plist */ = {isa = PBXFileReference; lastKnownFileType = text.plist; path = "Art-Generator-Info.plist"; sourceTree = SOURCE_ROOT; };
		998FA48C2C3F1E2E0096F057 /* Models.swift */ = {isa = PBXFileReference; lastKnownFileType = sourcecode.swift; path = Models.swift; sourceTree = "<group>"; };
		998FA48E2C3F1FB10096F057 /* APIService.swift */ = {isa = PBXFileReference; lastKnownFileType = sourcecode.swift; path = APIService.swift; sourceTree = "<group>"; };
		998FA4932C3F25920096F057 /* ViewModel.swift */ = {isa = PBXFileReference; lastKnownFileType = sourcecode.swift; path = ViewModel.swift; sourceTree = "<group>"; };
/* End PBXFileReference section */

/* Begin PBXFrameworksBuildPhase section */
		998FA4742C3F1A160096F057 /* Frameworks */ = {
			isa = PBXFrameworksBuildPhase;
			buildActionMask = 2147483647;
			files = (
			);
			runOnlyForDeploymentPostprocessing = 0;
		};
/* End PBXFrameworksBuildPhase section */

/* Begin PBXGroup section */
		998FA46E2C3F1A160096F057 = {
			isa = PBXGroup;
			children = (
				998FA4792C3F1A160096F057 /* Art Generator */,
				998FA4782C3F1A160096F057 /* Products */,
			);
			sourceTree = "<group>";
		};
		998FA4782C3F1A160096F057 /* Products */ = {
			isa = PBXGroup;
			children = (
				998FA4772C3F1A160096F057 /* Art Generator.app */,
			);
			name = Products;
			sourceTree = "<group>";
		};
		998FA4792C3F1A160096F057 /* Art Generator */ = {
			isa = PBXGroup;
			children = (
				998FA47A2C3F1A160096F057 /* AppEntry.swift */,
				998FA4902C3F241B0096F057 /* Screens */,
				998FA4912C3F24230096F057 /* Models */,
				998FA48E2C3F1FB10096F057 /* APIService.swift */,
				998FA4932C3F25920096F057 /* ViewModel.swift */,
				998FA48A2C3F1AB90096F057 /* Config.xcconfig */,
				998FA48B2C3F1AEC0096F057 /* Art-Generator-Info.plist */,
				998FA47E2C3F1A170096F057 /* Assets.xcassets */,
				998FA4882C3F1A690096F057 /* Storyboard.storyboard */,
				998FA4802C3F1A170096F057 /* Preview Content */,
			);
			path = "Art Generator";
			sourceTree = "<group>";
		};
		998FA4802C3F1A170096F057 /* Preview Content */ = {
			isa = PBXGroup;
			children = (
				998FA4812C3F1A170096F057 /* Preview Assets.xcassets */,
			);
			path = "Preview Content";
			sourceTree = "<group>";
		};
		998FA4902C3F241B0096F057 /* Screens */ = {
			isa = PBXGroup;
			children = (
				998FA4922C3F24320096F057 /* DALLE Images */,
			);
			path = Screens;
			sourceTree = "<group>";
		};
		998FA4912C3F24230096F057 /* Models */ = {
			isa = PBXGroup;
			children = (
				998FA48C2C3F1E2E0096F057 /* Models.swift */,
				998F232D2C40B67E00AA0D6F /* Styles.swift */,
			);
			path = Models;
			sourceTree = "<group>";
		};
		998FA4922C3F24320096F057 /* DALLE Images */ = {
			isa = PBXGroup;
			children = (
				998FA47C2C3F1A160096F057 /* DALLEImages.swift */,
			);
			path = "DALLE Images";
			sourceTree = "<group>";
		};
/* End PBXGroup section */

/* Begin PBXNativeTarget section */
		998FA4762C3F1A160096F057 /* Art Generator */ = {
			isa = PBXNativeTarget;
			buildConfigurationList = 998FA4852C3F1A170096F057 /* Build configuration list for PBXNativeTarget "Art Generator" */;
			buildPhases = (
				998FA4732C3F1A160096F057 /* Sources */,
				998FA4742C3F1A160096F057 /* Frameworks */,
				998FA4752C3F1A160096F057 /* Resources */,
			);
			buildRules = (
			);
			dependencies = (
			);
			name = "Art Generator";
			productName = "Art Generator";
			productReference = 998FA4772C3F1A160096F057 /* Art Generator.app */;
			productType = "com.apple.product-type.application";
		};
/* End PBXNativeTarget section */

/* Begin PBXProject section */
		998FA46F2C3F1A160096F057 /* Project object */ = {
			isa = PBXProject;
			attributes = {
				BuildIndependentTargetsInParallel = 1;
				LastSwiftUpdateCheck = 1540;
				LastUpgradeCheck = 1540;
				TargetAttributes = {
					998FA4762C3F1A160096F057 = {
						CreatedOnToolsVersion = 15.4;
					};
				};
			};
			buildConfigurationList = 998FA4722C3F1A160096F057 /* Build configuration list for PBXProject "Art Generator" */;
			compatibilityVersion = "Xcode 14.0";
			developmentRegion = en;
			hasScannedForEncodings = 0;
			knownRegions = (
				en,
				Base,
			);
			mainGroup = 998FA46E2C3F1A160096F057;
			productRefGroup = 998FA4782C3F1A160096F057 /* Products */;
			projectDirPath = "";
			projectRoot = "";
			targets = (
				998FA4762C3F1A160096F057 /* Art Generator */,
			);
		};
/* End PBXProject section */

/* Begin PBXResourcesBuildPhase section */
		998FA4752C3F1A160096F057 /* Resources */ = {
			isa = PBXResourcesBuildPhase;
			buildActionMask = 2147483647;
			files = (
				998FA4822C3F1A170096F057 /* Preview Assets.xcassets in Resources */,
				998FA47F2C3F1A170096F057 /* Assets.xcassets in Resources */,
				998FA4892C3F1A690096F057 /* Storyboard.storyboard in Resources */,
			);
			runOnlyForDeploymentPostprocessing = 0;
		};
/* End PBXResourcesBuildPhase section */

/* Begin PBXSourcesBuildPhase section */
		998FA4732C3F1A160096F057 /* Sources */ = {
			isa = PBXSourcesBuildPhase;
			buildActionMask = 2147483647;
			files = (
				998FA4942C3F25920096F057 /* ViewModel.swift in Sources */,
				998FA48D2C3F1E2E0096F057 /* Models.swift in Sources */,
				998FA47D2C3F1A160096F057 /* DALLEImages.swift in Sources */,
				998F232E2C40B67E00AA0D6F /* Styles.swift in Sources */,
				998FA48F2C3F1FB10096F057 /* APIService.swift in Sources */,
				998FA47B2C3F1A160096F057 /* AppEntry.swift in Sources */,
			);
			runOnlyForDeploymentPostprocessing = 0;
		};
/* End PBXSourcesBuildPhase section */

/* Begin XCBuildConfiguration section */
		998FA4832C3F1A170096F057 /* Debug */ = {
			isa = XCBuildConfiguration;
			baseConfigurationReference = 998FA48A2C3F1AB90096F057 /* Config.xcconfig */;
			buildSettings = {
				ALWAYS_SEARCH_USER_PATHS = NO;
				ASSETCATALOG_COMPILER_GENERATE_SWIFT_ASSET_SYMBOL_EXTENSIONS = YES;
				CLANG_ANALYZER_NONNULL = YES;
				CLANG_ANALYZER_NUMBER_OBJECT_CONVERSION = YES_AGGRESSIVE;
				CLANG_CXX_LANGUAGE_STANDARD = "gnu++20";
				CLANG_ENABLE_MODULES = YES;
				CLANG_ENABLE_OBJC_ARC = YES;
				CLANG_ENABLE_OBJC_WEAK = YES;
				CLANG_WARN_BLOCK_CAPTURE_AUTORELEASING = YES;
				CLANG_WARN_BOOL_CONVERSION = YES;
				CLANG_WARN_COMMA = YES;
				CLANG_WARN_CONSTANT_CONVERSION = YES;
				CLANG_WARN_DEPRECATED_OBJC_IMPLEMENTATIONS = YES;
				CLANG_WARN_DIRECT_OBJC_ISA_USAGE = YES_ERROR;
				CLANG_WARN_DOCUMENTATION_COMMENTS = YES;
				CLANG_WARN_EMPTY_BODY = YES;
				CLANG_WARN_ENUM_CONVERSION = YES;
				CLANG_WARN_INFINITE_RECURSION = YES;
				CLANG_WARN_INT_CONVERSION = YES;
				CLANG_WARN_NON_LITERAL_NULL_CONVERSION = YES;
				CLANG_WARN_OBJC_IMPLICIT_RETAIN_SELF = YES;
				CLANG_WARN_OBJC_LITERAL_CONVERSION = YES;
				CLANG_WARN_OBJC_ROOT_CLASS = YES_ERROR;
				CLANG_WARN_QUOTED_INCLUDE_IN_FRAMEWORK_HEADER = YES;
				CLANG_WARN_RANGE_LOOP_ANALYSIS = YES;
				CLANG_WARN_STRICT_PROTOTYPES = YES;
				CLANG_WARN_SUSPICIOUS_MOVE = YES;
				CLANG_WARN_UNGUARDED_AVAILABILITY = YES_AGGRESSIVE;
				CLANG_WARN_UNREACHABLE_CODE = YES;
				CLANG_WARN__DUPLICATE_METHOD_MATCH = YES;
				COPY_PHASE_STRIP = NO;
				DEBUG_INFORMATION_FORMAT = dwarf;
				ENABLE_STRICT_OBJC_MSGSEND = YES;
				ENABLE_TESTABILITY = YES;
				ENABLE_USER_SCRIPT_SANDBOXING = YES;
				GCC_C_LANGUAGE_STANDARD = gnu17;
				GCC_DYNAMIC_NO_PIC = NO;
				GCC_NO_COMMON_BLOCKS = YES;
				GCC_OPTIMIZATION_LEVEL = 0;
				GCC_PREPROCESSOR_DEFINITIONS = (
					"DEBUG=1",
					"$(inherited)",
				);
				GCC_WARN_64_TO_32_BIT_CONVERSION = YES;
				GCC_WARN_ABOUT_RETURN_TYPE = YES_ERROR;
				GCC_WARN_UNDECLARED_SELECTOR = YES;
				GCC_WARN_UNINITIALIZED_AUTOS = YES_AGGRESSIVE;
				GCC_WARN_UNUSED_FUNCTION = YES;
				GCC_WARN_UNUSED_VARIABLE = YES;
				IPHONEOS_DEPLOYMENT_TARGET = 17.5;
				LOCALIZATION_PREFERS_STRING_CATALOGS = YES;
				MTL_ENABLE_DEBUG_INFO = INCLUDE_SOURCE;
				MTL_FAST_MATH = YES;
				ONLY_ACTIVE_ARCH = YES;
				SDKROOT = iphoneos;
				SWIFT_ACTIVE_COMPILATION_CONDITIONS = "DEBUG $(inherited)";
				SWIFT_OPTIMIZATION_LEVEL = "-Onone";
			};
			name = Debug;
		};
		998FA4842C3F1A170096F057 /* Release */ = {
			isa = XCBuildConfiguration;
			baseConfigurationReference = 998FA48A2C3F1AB90096F057 /* Config.xcconfig */;
			buildSettings = {
				ALWAYS_SEARCH_USER_PATHS = NO;
				ASSETCATALOG_COMPILER_GENERATE_SWIFT_ASSET_SYMBOL_EXTENSIONS = YES;
				CLANG_ANALYZER_NONNULL = YES;
				CLANG_ANALYZER_NUMBER_OBJECT_CONVERSION = YES_AGGRESSIVE;
				CLANG_CXX_LANGUAGE_STANDARD = "gnu++20";
				CLANG_ENABLE_MODULES = YES;
				CLANG_ENABLE_OBJC_ARC = YES;
				CLANG_ENABLE_OBJC_WEAK = YES;
				CLANG_WARN_BLOCK_CAPTURE_AUTORELEASING = YES;
				CLANG_WARN_BOOL_CONVERSION = YES;
				CLANG_WARN_COMMA = YES;
				CLANG_WARN_CONSTANT_CONVERSION = YES;
				CLANG_WARN_DEPRECATED_OBJC_IMPLEMENTATIONS = YES;
				CLANG_WARN_DIRECT_OBJC_ISA_USAGE = YES_ERROR;
				CLANG_WARN_DOCUMENTATION_COMMENTS = YES;
				CLANG_WARN_EMPTY_BODY = YES;
				CLANG_WARN_ENUM_CONVERSION = YES;
				CLANG_WARN_INFINITE_RECURSION = YES;
				CLANG_WARN_INT_CONVERSION = YES;
				CLANG_WARN_NON_LITERAL_NULL_CONVERSION = YES;
				CLANG_WARN_OBJC_IMPLICIT_RETAIN_SELF = YES;
				CLANG_WARN_OBJC_LITERAL_CONVERSION = YES;
				CLANG_WARN_OBJC_ROOT_CLASS = YES_ERROR;
				CLANG_WARN_QUOTED_INCLUDE_IN_FRAMEWORK_HEADER = YES;
				CLANG_WARN_RANGE_LOOP_ANALYSIS = YES;
				CLANG_WARN_STRICT_PROTOTYPES = YES;
				CLANG_WARN_SUSPICIOUS_MOVE = YES;
				CLANG_WARN_UNGUARDED_AVAILABILITY = YES_AGGRESSIVE;
				CLANG_WARN_UNREACHABLE_CODE = YES;
				CLANG_WARN__DUPLICATE_METHOD_MATCH = YES;
				COPY_PHASE_STRIP = NO;
				DEBUG_INFORMATION_FORMAT = "dwarf-with-dsym";
				ENABLE_NS_ASSERTIONS = NO;
				ENABLE_STRICT_OBJC_MSGSEND = YES;
				ENABLE_USER_SCRIPT_SANDBOXING = YES;
				GCC_C_LANGUAGE_STANDARD = gnu17;
				GCC_NO_COMMON_BLOCKS = YES;
				GCC_WARN_64_TO_32_BIT_CONVERSION = YES;
				GCC_WARN_ABOUT_RETURN_TYPE = YES_ERROR;
				GCC_WARN_UNDECLARED_SELECTOR = YES;
				GCC_WARN_UNINITIALIZED_AUTOS = YES_AGGRESSIVE;
				GCC_WARN_UNUSED_FUNCTION = YES;
				GCC_WARN_UNUSED_VARIABLE = YES;
				IPHONEOS_DEPLOYMENT_TARGET = 17.5;
				LOCALIZATION_PREFERS_STRING_CATALOGS = YES;
				MTL_ENABLE_DEBUG_INFO = NO;
				MTL_FAST_MATH = YES;
				SDKROOT = iphoneos;
				SWIFT_COMPILATION_MODE = wholemodule;
				VALIDATE_PRODUCT = YES;
			};
			name = Release;
		};
		998FA4862C3F1A170096F057 /* Debug */ = {
			isa = XCBuildConfiguration;
			buildSettings = {
				ASSETCATALOG_COMPILER_APPICON_NAME = AppIcon;
				ASSETCATALOG_COMPILER_GLOBAL_ACCENT_COLOR_NAME = AccentColor;
				CODE_SIGN_STYLE = Automatic;
				CURRENT_PROJECT_VERSION = 1;
				DEVELOPMENT_ASSET_PATHS = "\"Art Generator/Preview Content\"";
				DEVELOPMENT_TEAM = G627HA76ZA;
				ENABLE_PREVIEWS = YES;
				GENERATE_INFOPLIST_FILE = YES;
				INFOPLIST_FILE = "Art-Generator-Info.plist";
				INFOPLIST_KEY_UIApplicationSceneManifest_Generation = YES;
				INFOPLIST_KEY_UIApplicationSupportsIndirectInputEvents = YES;
				INFOPLIST_KEY_UILaunchScreen_Generation = YES;
				INFOPLIST_KEY_UILaunchStoryboardName = Storyboard.storyboard;
				INFOPLIST_KEY_UISupportedInterfaceOrientations_iPad = "UIInterfaceOrientationPortrait UIInterfaceOrientationPortraitUpsideDown UIInterfaceOrientationLandscapeLeft UIInterfaceOrientationLandscapeRight";
				INFOPLIST_KEY_UISupportedInterfaceOrientations_iPhone = "UIInterfaceOrientationPortrait UIInterfaceOrientationLandscapeLeft UIInterfaceOrientationLandscapeRight";
				LD_RUNPATH_SEARCH_PATHS = (
					"$(inherited)",
					"@executable_path/Frameworks",
				);
				MARKETING_VERSION = 1.0;
				PRODUCT_BUNDLE_IDENTIFIER = "com.amirkabiri.Art-Generator";
				PRODUCT_NAME = "$(TARGET_NAME)";
				SWIFT_EMIT_LOC_STRINGS = YES;
				SWIFT_VERSION = 5.0;
				TARGETED_DEVICE_FAMILY = "1,2";
			};
			name = Debug;
		};
		998FA4872C3F1A170096F057 /* Release */ = {
			isa = XCBuildConfiguration;
			buildSettings = {
				ASSETCATALOG_COMPILER_APPICON_NAME = AppIcon;
				ASSETCATALOG_COMPILER_GLOBAL_ACCENT_COLOR_NAME = AccentColor;
				CODE_SIGN_STYLE = Automatic;
				CURRENT_PROJECT_VERSION = 1;
				DEVELOPMENT_ASSET_PATHS = "\"Art Generator/Preview Content\"";
				DEVELOPMENT_TEAM = G627HA76ZA;
				ENABLE_PREVIEWS = YES;
				GENERATE_INFOPLIST_FILE = YES;
				INFOPLIST_FILE = "Art-Generator-Info.plist";
				INFOPLIST_KEY_UIApplicationSceneManifest_Generation = YES;
				INFOPLIST_KEY_UIApplicationSupportsIndirectInputEvents = YES;
				INFOPLIST_KEY_UILaunchScreen_Generation = YES;
				INFOPLIST_KEY_UILaunchStoryboardName = Storyboard.storyboard;
				INFOPLIST_KEY_UISupportedInterfaceOrientations_iPad = "UIInterfaceOrientationPortrait UIInterfaceOrientationPortraitUpsideDown UIInterfaceOrientationLandscapeLeft UIInterfaceOrientationLandscapeRight";
				INFOPLIST_KEY_UISupportedInterfaceOrientations_iPhone = "UIInterfaceOrientationPortrait UIInterfaceOrientationLandscapeLeft UIInterfaceOrientationLandscapeRight";
				LD_RUNPATH_SEARCH_PATHS = (
					"$(inherited)",
					"@executable_path/Frameworks",
				);
				MARKETING_VERSION = 1.0;
				PRODUCT_BUNDLE_IDENTIFIER = "com.amirkabiri.Art-Generator";
				PRODUCT_NAME = "$(TARGET_NAME)";
				SWIFT_EMIT_LOC_STRINGS = YES;
				SWIFT_VERSION = 5.0;
				TARGETED_DEVICE_FAMILY = "1,2";
			};
			name = Release;
		};
/* End XCBuildConfiguration section */

/* Begin XCConfigurationList section */
		998FA4722C3F1A160096F057 /* Build configuration list for PBXProject "Art Generator" */ = {
			isa = XCConfigurationList;
			buildConfigurations = (
				998FA4832C3F1A170096F057 /* Debug */,
				998FA4842C3F1A170096F057 /* Release */,
			);
			defaultConfigurationIsVisible = 0;
			defaultConfigurationName = Release;
		};
		998FA4852C3F1A170096F057 /* Build configuration list for PBXNativeTarget "Art Generator" */ = {
			isa = XCConfigurationList;
			buildConfigurations = (
				998FA4862C3F1A170096F057 /* Debug */,
				998FA4872C3F1A170096F057 /* Release */,
			);
			defaultConfigurationIsVisible = 0;
			defaultConfigurationName = Release;
		};
/* End XCConfigurationList section */
	};
	rootObject = 998FA46F2C3F1A160096F057 /* Project object */;
}
